
Microsoft Visual Studio Solution File, Format Version 11.00
# Visual Studio 2010
Project("{FAE04EC0-301F-11D3-BF4B-00C04F79EFBC}") = "Assembly-CSharp", "Assembly-CSharp.csproj", "{eabb8a64-f06a-e17b-2291-40cb22702132}"
EndProject
Project("{FAE04EC0-301F-11D3-BF4B-00C04F79EFBC}") = "Assembly-CSharp-Editor", "Assembly-CSharp-Editor.csproj", "{dde1ab6d-d241-8e18-7685-5faea5f1f9dd}"
EndProject
Global
	GlobalSection(SolutionConfigurationPlatforms) = preSolution
		Debug|Any CPU = Debug|Any CPU
		Release|Any CPU = Release|Any CPU
	EndGlobalSection
	GlobalSection(ProjectConfigurationPlatforms) = postSolution
		{eabb8a64-f06a-e17b-2291-40cb22702132}.Debug|Any CPU.ActiveCfg = Debug|Any CPU
		{eabb8a64-f06a-e17b-2291-40cb22702132}.Debug|Any CPU.Build.0 = Debug|Any CPU
		{eabb8a64-f06a-e17b-2291-40cb22702132}.Release|Any CPU.ActiveCfg = Release|Any CPU
		{eabb8a64-f06a-e17b-2291-40cb22702132}.Release|Any CPU.Build.0 = Release|Any CPU
		{dde1ab6d-d241-8e18-7685-5faea5f1f9dd}.Debug|Any CPU.ActiveCfg = Debug|Any CPU
		{dde1ab6d-d241-8e18-7685-5faea5f1f9dd}.Debug|Any CPU.Build.0 = Debug|Any CPU
		{dde1ab6d-d241-8e18-7685-5faea5f1f9dd}.Release|Any CPU.ActiveCfg = Release|Any CPU
		{dde1ab6d-d241-8e18-7685-5faea5f1f9dd}.Release|Any CPU.Build.0 = Release|Any CPU
	EndGlobalSection
	GlobalSection(SolutionProperties) = preSolution
		HideSolutionNode = FALSE
	EndGlobalSection
EndGlobal
